// !$*UTF8*$!
{
	archiveVersion = 1;
	classes = {
	};
	objectVersion = 51;
	objects = {

/* Begin PBXBuildFile section */
		15913B9B652BE18D27BAD5EA /* Pods_NotificationManager.framework in Frameworks */ = {isa = PBXBuildFile; fileRef = 1AF32350590B9B8A76025671 /* Pods_NotificationManager.framework */; };
		2E58BE7FD89CC2DF20E3D136 /* Pods_NotificationManagerTests.framework in Frameworks */ = {isa = PBXBuildFile; fileRef = FDC773AE4B0CAAA55E66FDC7 /* Pods_NotificationManagerTests.framework */; };
		681BC9D523D58E1E00ACD5D7 /* NotificationService.swift in Sources */ = {isa = PBXBuildFile; fileRef = 681BC9D423D58E1E00ACD5D7 /* NotificationService.swift */; };
		681BC9D923D58E1E00ACD5D7 /* NotificationService.appex in Embed App Extensions */ = {isa = PBXBuildFile; fileRef = 681BC9D223D58E1E00ACD5D7 /* NotificationService.appex */; settings = {ATTRIBUTES = (RemoveHeadersOnCopy, ); }; };
		68CFA83B23D5752E009DABA7 /* AppDelegate.swift in Sources */ = {isa = PBXBuildFile; fileRef = 68CFA83A23D5752E009DABA7 /* AppDelegate.swift */; };
		68CFA83F23D5752E009DABA7 /* ViewController.swift in Sources */ = {isa = PBXBuildFile; fileRef = 68CFA83E23D5752E009DABA7 /* ViewController.swift */; };
		68CFA84223D5752E009DABA7 /* Main.storyboard in Resources */ = {isa = PBXBuildFile; fileRef = 68CFA84023D5752E009DABA7 /* Main.storyboard */; };
		68CFA84423D57530009DABA7 /* Assets.xcassets in Resources */ = {isa = PBXBuildFile; fileRef = 68CFA84323D57530009DABA7 /* Assets.xcassets */; };
		68CFA84723D57530009DABA7 /* LaunchScreen.storyboard in Resources */ = {isa = PBXBuildFile; fileRef = 68CFA84523D57530009DABA7 /* LaunchScreen.storyboard */; };
		68CFA85223D57531009DABA7 /* NotificationManagerTests.swift in Sources */ = {isa = PBXBuildFile; fileRef = 68CFA85123D57531009DABA7 /* NotificationManagerTests.swift */; };
		68CFA85D23D57531009DABA7 /* NotificationManagerUITests.swift in Sources */ = {isa = PBXBuildFile; fileRef = 68CFA85C23D57531009DABA7 /* NotificationManagerUITests.swift */; };
		68CFA86B23D575A8009DABA7 /* GoogleService-Info.plist in Resources */ = {isa = PBXBuildFile; fileRef = 68CFA86A23D575A8009DABA7 /* GoogleService-Info.plist */; };
		93DCF8904CDE82CB5D4FC556 /* Pods_NotificationManager_NotificationManagerUITests.framework in Frameworks */ = {isa = PBXBuildFile; fileRef = EFBE5DFED2783E05B3CECEFC /* Pods_NotificationManager_NotificationManagerUITests.framework */; };
/* End PBXBuildFile section */

/* Begin PBXContainerItemProxy section */
		681BC9D723D58E1E00ACD5D7 /* PBXContainerItemProxy */ = {
			isa = PBXContainerItemProxy;
			containerPortal = 68CFA82F23D5752E009DABA7 /* Project object */;
			proxyType = 1;
			remoteGlobalIDString = 681BC9D123D58E1E00ACD5D7;
			remoteInfo = NotificationService;
		};
		68CFA84E23D57530009DABA7 /* PBXContainerItemProxy */ = {
			isa = PBXContainerItemProxy;
			containerPortal = 68CFA82F23D5752E009DABA7 /* Project object */;
			proxyType = 1;
			remoteGlobalIDString = 68CFA83623D5752E009DABA7;
			remoteInfo = NotificationManager;
		};
		68CFA85923D57531009DABA7 /* PBXContainerItemProxy */ = {
			isa = PBXContainerItemProxy;
			containerPortal = 68CFA82F23D5752E009DABA7 /* Project object */;
			proxyType = 1;
			remoteGlobalIDString = 68CFA83623D5752E009DABA7;
			remoteInfo = NotificationManager;
		};
/* End PBXContainerItemProxy section */

/* Begin PBXCopyFilesBuildPhase section */
		681BC9DD23D58E1E00ACD5D7 /* Embed App Extensions */ = {
			isa = PBXCopyFilesBuildPhase;
			buildActionMask = 2147483647;
			dstPath = "";
			dstSubfolderSpec = 13;
			files = (
				681BC9D923D58E1E00ACD5D7 /* NotificationService.appex in Embed App Extensions */,
			);
			name = "Embed App Extensions";
			runOnlyForDeploymentPostprocessing = 0;
		};
/* End PBXCopyFilesBuildPhase section */

/* Begin PBXFileReference section */
		14C28551795189C07DC581DB /* Pods-NotificationManager.debug.xcconfig */ = {isa = PBXFileReference; includeInIndex = 1; lastKnownFileType = text.xcconfig; name = "Pods-NotificationManager.debug.xcconfig"; path = "Target Support Files/Pods-NotificationManager/Pods-NotificationManager.debug.xcconfig"; sourceTree = "<group>"; };
		1AF32350590B9B8A76025671 /* Pods_NotificationManager.framework */ = {isa = PBXFileReference; explicitFileType = wrapper.framework; includeInIndex = 0; path = Pods_NotificationManager.framework; sourceTree = BUILT_PRODUCTS_DIR; };
		4C407DB8F36EEA63F8F7901F /* Pods-NotificationManager.release.xcconfig */ = {isa = PBXFileReference; includeInIndex = 1; lastKnownFileType = text.xcconfig; name = "Pods-NotificationManager.release.xcconfig"; path = "Target Support Files/Pods-NotificationManager/Pods-NotificationManager.release.xcconfig"; sourceTree = "<group>"; };
		681BC9D223D58E1E00ACD5D7 /* NotificationService.appex */ = {isa = PBXFileReference; explicitFileType = "wrapper.app-extension"; includeInIndex = 0; path = NotificationService.appex; sourceTree = BUILT_PRODUCTS_DIR; };
		681BC9D423D58E1E00ACD5D7 /* NotificationService.swift */ = {isa = PBXFileReference; lastKnownFileType = sourcecode.swift; path = NotificationService.swift; sourceTree = "<group>"; };
		681BC9D623D58E1E00ACD5D7 /* Info.plist */ = {isa = PBXFileReference; lastKnownFileType = text.plist.xml; path = Info.plist; sourceTree = "<group>"; };
		681BC9DF23D5980000ACD5D7 /* NotificationService.entitlements */ = {isa = PBXFileReference; lastKnownFileType = text.plist.entitlements; path = NotificationService.entitlements; sourceTree = "<group>"; };
		68CFA83723D5752E009DABA7 /* NotificationManager.app */ = {isa = PBXFileReference; explicitFileType = wrapper.application; includeInIndex = 0; path = NotificationManager.app; sourceTree = BUILT_PRODUCTS_DIR; };
		68CFA83A23D5752E009DABA7 /* AppDelegate.swift */ = {isa = PBXFileReference; lastKnownFileType = sourcecode.swift; path = AppDelegate.swift; sourceTree = "<group>"; };
		68CFA83E23D5752E009DABA7 /* ViewController.swift */ = {isa = PBXFileReference; lastKnownFileType = sourcecode.swift; path = ViewController.swift; sourceTree = "<group>"; };
		68CFA84123D5752E009DABA7 /* Base */ = {isa = PBXFileReference; lastKnownFileType = file.storyboard; name = Base; path = Base.lproj/Main.storyboard; sourceTree = "<group>"; };
		68CFA84323D57530009DABA7 /* Assets.xcassets */ = {isa = PBXFileReference; lastKnownFileType = folder.assetcatalog; path = Assets.xcassets; sourceTree = "<group>"; };
		68CFA84623D57530009DABA7 /* Base */ = {isa = PBXFileReference; lastKnownFileType = file.storyboard; name = Base; path = Base.lproj/LaunchScreen.storyboard; sourceTree = "<group>"; };
		68CFA84823D57530009DABA7 /* Info.plist */ = {isa = PBXFileReference; lastKnownFileType = text.plist.xml; path = Info.plist; sourceTree = "<group>"; };
		68CFA84D23D57530009DABA7 /* NotificationManagerTests.xctest */ = {isa = PBXFileReference; explicitFileType = wrapper.cfbundle; includeInIndex = 0; path = NotificationManagerTests.xctest; sourceTree = BUILT_PRODUCTS_DIR; };
		68CFA85123D57531009DABA7 /* NotificationManagerTests.swift */ = {isa = PBXFileReference; lastKnownFileType = sourcecode.swift; path = NotificationManagerTests.swift; sourceTree = "<group>"; };
		68CFA85323D57531009DABA7 /* Info.plist */ = {isa = PBXFileReference; lastKnownFileType = text.plist.xml; path = Info.plist; sourceTree = "<group>"; };
		68CFA85823D57531009DABA7 /* NotificationManagerUITests.xctest */ = {isa = PBXFileReference; explicitFileType = wrapper.cfbundle; includeInIndex = 0; path = NotificationManagerUITests.xctest; sourceTree = BUILT_PRODUCTS_DIR; };
		68CFA85C23D57531009DABA7 /* NotificationManagerUITests.swift */ = {isa = PBXFileReference; lastKnownFileType = sourcecode.swift; path = NotificationManagerUITests.swift; sourceTree = "<group>"; };
		68CFA85E23D57531009DABA7 /* Info.plist */ = {isa = PBXFileReference; lastKnownFileType = text.plist.xml; path = Info.plist; sourceTree = "<group>"; };
		68CFA86A23D575A8009DABA7 /* GoogleService-Info.plist */ = {isa = PBXFileReference; fileEncoding = 4; lastKnownFileType = text.plist.xml; path = "GoogleService-Info.plist"; sourceTree = "<group>"; };
		68CFA86C23D576D8009DABA7 /* NotificationManager.entitlements */ = {isa = PBXFileReference; lastKnownFileType = text.plist.entitlements; path = NotificationManager.entitlements; sourceTree = "<group>"; };
		A8DA1F60C6FF8F353B95F490 /* Pods-NotificationManager-NotificationManagerUITests.release.xcconfig */ = {isa = PBXFileReference; includeInIndex = 1; lastKnownFileType = text.xcconfig; name = "Pods-NotificationManager-NotificationManagerUITests.release.xcconfig"; path = "Target Support Files/Pods-NotificationManager-NotificationManagerUITests/Pods-NotificationManager-NotificationManagerUITests.release.xcconfig"; sourceTree = "<group>"; };
		D1B459B97176621CFB8C12F7 /* Pods-NotificationManagerTests.debug.xcconfig */ = {isa = PBXFileReference; includeInIndex = 1; lastKnownFileType = text.xcconfig; name = "Pods-NotificationManagerTests.debug.xcconfig"; path = "Target Support Files/Pods-NotificationManagerTests/Pods-NotificationManagerTests.debug.xcconfig"; sourceTree = "<group>"; };
		EFBE5DFED2783E05B3CECEFC /* Pods_NotificationManager_NotificationManagerUITests.framework */ = {isa = PBXFileReference; explicitFileType = wrapper.framework; includeInIndex = 0; path = Pods_NotificationManager_NotificationManagerUITests.framework; sourceTree = BUILT_PRODUCTS_DIR; };
		F530B256A4366CA5DBFE1AEB /* Pods-NotificationManager-NotificationManagerUITests.debug.xcconfig */ = {isa = PBXFileReference; includeInIndex = 1; lastKnownFileType = text.xcconfig; name = "Pods-NotificationManager-NotificationManagerUITests.debug.xcconfig"; path = "Target Support Files/Pods-NotificationManager-NotificationManagerUITests/Pods-NotificationManager-NotificationManagerUITests.debug.xcconfig"; sourceTree = "<group>"; };
		F6FF63E04E42AEA74DDDE2EE /* Pods-NotificationManagerTests.release.xcconfig */ = {isa = PBXFileReference; includeInIndex = 1; lastKnownFileType = text.xcconfig; name = "Pods-NotificationManagerTests.release.xcconfig"; path = "Target Support Files/Pods-NotificationManagerTests/Pods-NotificationManagerTests.release.xcconfig"; sourceTree = "<group>"; };
		FDC773AE4B0CAAA55E66FDC7 /* Pods_NotificationManagerTests.framework */ = {isa = PBXFileReference; explicitFileType = wrapper.framework; includeInIndex = 0; path = Pods_NotificationManagerTests.framework; sourceTree = BUILT_PRODUCTS_DIR; };
/* End PBXFileReference section */

/* Begin PBXFrameworksBuildPhase section */
		681BC9CF23D58E1E00ACD5D7 /* Frameworks */ = {
			isa = PBXFrameworksBuildPhase;
			buildActionMask = 2147483647;
			files = (
			);
			runOnlyForDeploymentPostprocessing = 0;
		};
		68CFA83423D5752E009DABA7 /* Frameworks */ = {
			isa = PBXFrameworksBuildPhase;
			buildActionMask = 2147483647;
			files = (
				15913B9B652BE18D27BAD5EA /* Pods_NotificationManager.framework in Frameworks */,
			);
			runOnlyForDeploymentPostprocessing = 0;
		};
		68CFA84A23D57530009DABA7 /* Frameworks */ = {
			isa = PBXFrameworksBuildPhase;
			buildActionMask = 2147483647;
			files = (
				2E58BE7FD89CC2DF20E3D136 /* Pods_NotificationManagerTests.framework in Frameworks */,
			);
			runOnlyForDeploymentPostprocessing = 0;
		};
		68CFA85523D57531009DABA7 /* Frameworks */ = {
			isa = PBXFrameworksBuildPhase;
			buildActionMask = 2147483647;
			files = (
				93DCF8904CDE82CB5D4FC556 /* Pods_NotificationManager_NotificationManagerUITests.framework in Frameworks */,
			);
			runOnlyForDeploymentPostprocessing = 0;
		};
/* End PBXFrameworksBuildPhase section */

/* Begin PBXGroup section */
		35AF6A81DF160E0ADE896FC7 /* Pods */ = {
			isa = PBXGroup;
			children = (
				14C28551795189C07DC581DB /* Pods-NotificationManager.debug.xcconfig */,
				4C407DB8F36EEA63F8F7901F /* Pods-NotificationManager.release.xcconfig */,
				F530B256A4366CA5DBFE1AEB /* Pods-NotificationManager-NotificationManagerUITests.debug.xcconfig */,
				A8DA1F60C6FF8F353B95F490 /* Pods-NotificationManager-NotificationManagerUITests.release.xcconfig */,
				D1B459B97176621CFB8C12F7 /* Pods-NotificationManagerTests.debug.xcconfig */,
				F6FF63E04E42AEA74DDDE2EE /* Pods-NotificationManagerTests.release.xcconfig */,
			);
			path = Pods;
			sourceTree = "<group>";
		};
		681BC9D323D58E1E00ACD5D7 /* NotificationService */ = {
			isa = PBXGroup;
			children = (
				681BC9DF23D5980000ACD5D7 /* NotificationService.entitlements */,
				681BC9D423D58E1E00ACD5D7 /* NotificationService.swift */,
				681BC9D623D58E1E00ACD5D7 /* Info.plist */,
			);
			path = NotificationService;
			sourceTree = "<group>";
		};
		68CFA82E23D5752E009DABA7 = {
			isa = PBXGroup;
			children = (
				68CFA83923D5752E009DABA7 /* NotificationManager */,
				68CFA85023D57531009DABA7 /* NotificationManagerTests */,
				68CFA85B23D57531009DABA7 /* NotificationManagerUITests */,
				681BC9D323D58E1E00ACD5D7 /* NotificationService */,
				68CFA83823D5752E009DABA7 /* Products */,
				35AF6A81DF160E0ADE896FC7 /* Pods */,
				8A873F3104081894DFB71C82 /* Frameworks */,
			);
			sourceTree = "<group>";
		};
		68CFA83823D5752E009DABA7 /* Products */ = {
			isa = PBXGroup;
			children = (
				68CFA83723D5752E009DABA7 /* NotificationManager.app */,
				68CFA84D23D57530009DABA7 /* NotificationManagerTests.xctest */,
				68CFA85823D57531009DABA7 /* NotificationManagerUITests.xctest */,
				681BC9D223D58E1E00ACD5D7 /* NotificationService.appex */,
			);
			name = Products;
			sourceTree = "<group>";
		};
		68CFA83923D5752E009DABA7 /* NotificationManager */ = {
			isa = PBXGroup;
			children = (
				68CFA86C23D576D8009DABA7 /* NotificationManager.entitlements */,
				68CFA86A23D575A8009DABA7 /* GoogleService-Info.plist */,
				68CFA83A23D5752E009DABA7 /* AppDelegate.swift */,
				68CFA83E23D5752E009DABA7 /* ViewController.swift */,
				68CFA84023D5752E009DABA7 /* Main.storyboard */,
				68CFA84323D57530009DABA7 /* Assets.xcassets */,
				68CFA84523D57530009DABA7 /* LaunchScreen.storyboard */,
				68CFA84823D57530009DABA7 /* Info.plist */,
			);
			path = NotificationManager;
			sourceTree = "<group>";
		};
		68CFA85023D57531009DABA7 /* NotificationManagerTests */ = {
			isa = PBXGroup;
			children = (
				68CFA85123D57531009DABA7 /* NotificationManagerTests.swift */,
				68CFA85323D57531009DABA7 /* Info.plist */,
			);
			path = NotificationManagerTests;
			sourceTree = "<group>";
		};
		68CFA85B23D57531009DABA7 /* NotificationManagerUITests */ = {
			isa = PBXGroup;
			children = (
				68CFA85C23D57531009DABA7 /* NotificationManagerUITests.swift */,
				68CFA85E23D57531009DABA7 /* Info.plist */,
			);
			path = NotificationManagerUITests;
			sourceTree = "<group>";
		};
		8A873F3104081894DFB71C82 /* Frameworks */ = {
			isa = PBXGroup;
			children = (
				1AF32350590B9B8A76025671 /* Pods_NotificationManager.framework */,
				EFBE5DFED2783E05B3CECEFC /* Pods_NotificationManager_NotificationManagerUITests.framework */,
				FDC773AE4B0CAAA55E66FDC7 /* Pods_NotificationManagerTests.framework */,
			);
			name = Frameworks;
			sourceTree = "<group>";
		};
/* End PBXGroup section */

/* Begin PBXNativeTarget section */
		681BC9D123D58E1E00ACD5D7 /* NotificationService */ = {
			isa = PBXNativeTarget;
			buildConfigurationList = 681BC9DA23D58E1E00ACD5D7 /* Build configuration list for PBXNativeTarget "NotificationService" */;
			buildPhases = (
				681BC9CE23D58E1E00ACD5D7 /* Sources */,
				681BC9CF23D58E1E00ACD5D7 /* Frameworks */,
				681BC9D023D58E1E00ACD5D7 /* Resources */,
			);
			buildRules = (
			);
			dependencies = (
			);
			name = NotificationService;
			productName = NotificationService;
			productReference = 681BC9D223D58E1E00ACD5D7 /* NotificationService.appex */;
			productType = "com.apple.product-type.app-extension";
		};
		68CFA83623D5752E009DABA7 /* NotificationManager */ = {
			isa = PBXNativeTarget;
			buildConfigurationList = 68CFA86123D57531009DABA7 /* Build configuration list for PBXNativeTarget "NotificationManager" */;
			buildPhases = (
				3E26AA63F501A2D2C86D5972 /* [CP] Check Pods Manifest.lock */,
				68CFA83323D5752E009DABA7 /* Sources */,
				68CFA83423D5752E009DABA7 /* Frameworks */,
				68CFA83523D5752E009DABA7 /* Resources */,
				8E76E520E32BBFAA59D0CFA5 /* [CP] Embed Pods Frameworks */,
				681BC9DD23D58E1E00ACD5D7 /* Embed App Extensions */,
			);
			buildRules = (
			);
			dependencies = (
				681BC9D823D58E1E00ACD5D7 /* PBXTargetDependency */,
			);
			name = NotificationManager;
			productName = NotificationManager;
			productReference = 68CFA83723D5752E009DABA7 /* NotificationManager.app */;
			productType = "com.apple.product-type.application";
		};
		68CFA84C23D57530009DABA7 /* NotificationManagerTests */ = {
			isa = PBXNativeTarget;
			buildConfigurationList = 68CFA86423D57531009DABA7 /* Build configuration list for PBXNativeTarget "NotificationManagerTests" */;
			buildPhases = (
				0E8D93ECF0F26D46D6C583C0 /* [CP] Check Pods Manifest.lock */,
				68CFA84923D57530009DABA7 /* Sources */,
				68CFA84A23D57530009DABA7 /* Frameworks */,
				68CFA84B23D57530009DABA7 /* Resources */,
			);
			buildRules = (
			);
			dependencies = (
				68CFA84F23D57530009DABA7 /* PBXTargetDependency */,
			);
			name = NotificationManagerTests;
			productName = NotificationManagerTests;
			productReference = 68CFA84D23D57530009DABA7 /* NotificationManagerTests.xctest */;
			productType = "com.apple.product-type.bundle.unit-test";
		};
		68CFA85723D57531009DABA7 /* NotificationManagerUITests */ = {
			isa = PBXNativeTarget;
			buildConfigurationList = 68CFA86723D57531009DABA7 /* Build configuration list for PBXNativeTarget "NotificationManagerUITests" */;
			buildPhases = (
				AD2FC7896B0EAE26B0432AC6 /* [CP] Check Pods Manifest.lock */,
				68CFA85423D57531009DABA7 /* Sources */,
				68CFA85523D57531009DABA7 /* Frameworks */,
				68CFA85623D57531009DABA7 /* Resources */,
				AC0D3374652BF92E4456BC77 /* [CP] Embed Pods Frameworks */,
			);
			buildRules = (
			);
			dependencies = (
				68CFA85A23D57531009DABA7 /* PBXTargetDependency */,
			);
			name = NotificationManagerUITests;
			productName = NotificationManagerUITests;
			productReference = 68CFA85823D57531009DABA7 /* NotificationManagerUITests.xctest */;
			productType = "com.apple.product-type.bundle.ui-testing";
		};
/* End PBXNativeTarget section */

/* Begin PBXProject section */
		68CFA82F23D5752E009DABA7 /* Project object */ = {
			isa = PBXProject;
			attributes = {
				LastSwiftUpdateCheck = 1100;
				LastUpgradeCheck = 1100;
				ORGANIZATIONNAME = 23;
				TargetAttributes = {
					681BC9D123D58E1E00ACD5D7 = {
						CreatedOnToolsVersion = 11.0;
					};
					68CFA83623D5752E009DABA7 = {
						CreatedOnToolsVersion = 11.0;
					};
					68CFA84C23D57530009DABA7 = {
						CreatedOnToolsVersion = 11.0;
						TestTargetID = 68CFA83623D5752E009DABA7;
					};
					68CFA85723D57531009DABA7 = {
						CreatedOnToolsVersion = 11.0;
						TestTargetID = 68CFA83623D5752E009DABA7;
					};
				};
			};
			buildConfigurationList = 68CFA83223D5752E009DABA7 /* Build configuration list for PBXProject "NotificationManager" */;
			compatibilityVersion = "Xcode 9.3";
			developmentRegion = en;
			hasScannedForEncodings = 0;
			knownRegions = (
				en,
				Base,
			);
			mainGroup = 68CFA82E23D5752E009DABA7;
			productRefGroup = 68CFA83823D5752E009DABA7 /* Products */;
			projectDirPath = "";
			projectRoot = "";
			targets = (
				68CFA83623D5752E009DABA7 /* NotificationManager */,
				68CFA84C23D57530009DABA7 /* NotificationManagerTests */,
				68CFA85723D57531009DABA7 /* NotificationManagerUITests */,
				681BC9D123D58E1E00ACD5D7 /* NotificationService */,
			);
		};
/* End PBXProject section */

/* Begin PBXResourcesBuildPhase section */
		681BC9D023D58E1E00ACD5D7 /* Resources */ = {
			isa = PBXResourcesBuildPhase;
			buildActionMask = 2147483647;
			files = (
			);
			runOnlyForDeploymentPostprocessing = 0;
		};
		68CFA83523D5752E009DABA7 /* Resources */ = {
			isa = PBXResourcesBuildPhase;
			buildActionMask = 2147483647;
			files = (
				68CFA86B23D575A8009DABA7 /* GoogleService-Info.plist in Resources */,
				68CFA84723D57530009DABA7 /* LaunchScreen.storyboard in Resources */,
				68CFA84423D57530009DABA7 /* Assets.xcassets in Resources */,
				68CFA84223D5752E009DABA7 /* Main.storyboard in Resources */,
			);
			runOnlyForDeploymentPostprocessing = 0;
		};
		68CFA84B23D57530009DABA7 /* Resources */ = {
			isa = PBXResourcesBuildPhase;
			buildActionMask = 2147483647;
			files = (
			);
			runOnlyForDeploymentPostprocessing = 0;
		};
		68CFA85623D57531009DABA7 /* Resources */ = {
			isa = PBXResourcesBuildPhase;
			buildActionMask = 2147483647;
			files = (
			);
			runOnlyForDeploymentPostprocessing = 0;
		};
/* End PBXResourcesBuildPhase section */

/* Begin PBXShellScriptBuildPhase section */
		0E8D93ECF0F26D46D6C583C0 /* [CP] Check Pods Manifest.lock */ = {
			isa = PBXShellScriptBuildPhase;
			buildActionMask = 2147483647;
			files = (
			);
			inputFileListPaths = (
			);
			inputPaths = (
				"${PODS_PODFILE_DIR_PATH}/Podfile.lock",
				"${PODS_ROOT}/Manifest.lock",
			);
			name = "[CP] Check Pods Manifest.lock";
			outputFileListPaths = (
			);
			outputPaths = (
				"$(DERIVED_FILE_DIR)/Pods-NotificationManagerTests-checkManifestLockResult.txt",
			);
			runOnlyForDeploymentPostprocessing = 0;
			shellPath = /bin/sh;
			shellScript = "diff \"${PODS_PODFILE_DIR_PATH}/Podfile.lock\" \"${PODS_ROOT}/Manifest.lock\" > /dev/null\nif [ $? != 0 ] ; then\n    # print error to STDERR\n    echo \"error: The sandbox is not in sync with the Podfile.lock. Run 'pod install' or update your CocoaPods installation.\" >&2\n    exit 1\nfi\n# This output is used by Xcode 'outputs' to avoid re-running this script phase.\necho \"SUCCESS\" > \"${SCRIPT_OUTPUT_FILE_0}\"\n";
			showEnvVarsInLog = 0;
		};
		3E26AA63F501A2D2C86D5972 /* [CP] Check Pods Manifest.lock */ = {
			isa = PBXShellScriptBuildPhase;
			buildActionMask = 2147483647;
			files = (
			);
			inputFileListPaths = (
			);
			inputPaths = (
				"${PODS_PODFILE_DIR_PATH}/Podfile.lock",
				"${PODS_ROOT}/Manifest.lock",
			);
			name = "[CP] Check Pods Manifest.lock";
			outputFileListPaths = (
			);
			outputPaths = (
				"$(DERIVED_FILE_DIR)/Pods-NotificationManager-checkManifestLockResult.txt",
			);
			runOnlyForDeploymentPostprocessing = 0;
			shellPath = /bin/sh;
			shellScript = "diff \"${PODS_PODFILE_DIR_PATH}/Podfile.lock\" \"${PODS_ROOT}/Manifest.lock\" > /dev/null\nif [ $? != 0 ] ; then\n    # print error to STDERR\n    echo \"error: The sandbox is not in sync with the Podfile.lock. Run 'pod install' or update your CocoaPods installation.\" >&2\n    exit 1\nfi\n# This output is used by Xcode 'outputs' to avoid re-running this script phase.\necho \"SUCCESS\" > \"${SCRIPT_OUTPUT_FILE_0}\"\n";
			showEnvVarsInLog = 0;
		};
		8E76E520E32BBFAA59D0CFA5 /* [CP] Embed Pods Frameworks */ = {
			isa = PBXShellScriptBuildPhase;
			buildActionMask = 2147483647;
			files = (
			);
			inputFileListPaths = (
				"${PODS_ROOT}/Target Support Files/Pods-NotificationManager/Pods-NotificationManager-frameworks-${CONFIGURATION}-input-files.xcfilelist",
			);
			name = "[CP] Embed Pods Frameworks";
			outputFileListPaths = (
				"${PODS_ROOT}/Target Support Files/Pods-NotificationManager/Pods-NotificationManager-frameworks-${CONFIGURATION}-output-files.xcfilelist",
			);
			runOnlyForDeploymentPostprocessing = 0;
			shellPath = /bin/sh;
			shellScript = "\"${PODS_ROOT}/Target Support Files/Pods-NotificationManager/Pods-NotificationManager-frameworks.sh\"\n";
			showEnvVarsInLog = 0;
		};
		AC0D3374652BF92E4456BC77 /* [CP] Embed Pods Frameworks */ = {
			isa = PBXShellScriptBuildPhase;
			buildActionMask = 2147483647;
			files = (
			);
			inputFileListPaths = (
				"${PODS_ROOT}/Target Support Files/Pods-NotificationManager-NotificationManagerUITests/Pods-NotificationManager-NotificationManagerUITests-frameworks-${CONFIGURATION}-input-files.xcfilelist",
			);
			name = "[CP] Embed Pods Frameworks";
			outputFileListPaths = (
				"${PODS_ROOT}/Target Support Files/Pods-NotificationManager-NotificationManagerUITests/Pods-NotificationManager-NotificationManagerUITests-frameworks-${CONFIGURATION}-output-files.xcfilelist",
			);
			runOnlyForDeploymentPostprocessing = 0;
			shellPath = /bin/sh;
			shellScript = "\"${PODS_ROOT}/Target Support Files/Pods-NotificationManager-NotificationManagerUITests/Pods-NotificationManager-NotificationManagerUITests-frameworks.sh\"\n";
			showEnvVarsInLog = 0;
		};
		AD2FC7896B0EAE26B0432AC6 /* [CP] Check Pods Manifest.lock */ = {
			isa = PBXShellScriptBuildPhase;
			buildActionMask = 2147483647;
			files = (
			);
			inputFileListPaths = (
			);
			inputPaths = (
				"${PODS_PODFILE_DIR_PATH}/Podfile.lock",
				"${PODS_ROOT}/Manifest.lock",
			);
			name = "[CP] Check Pods Manifest.lock";
			outputFileListPaths = (
			);
			outputPaths = (
				"$(DERIVED_FILE_DIR)/Pods-NotificationManager-NotificationManagerUITests-checkManifestLockResult.txt",
			);
			runOnlyForDeploymentPostprocessing = 0;
			shellPath = /bin/sh;
			shellScript = "diff \"${PODS_PODFILE_DIR_PATH}/Podfile.lock\" \"${PODS_ROOT}/Manifest.lock\" > /dev/null\nif [ $? != 0 ] ; then\n    # print error to STDERR\n    echo \"error: The sandbox is not in sync with the Podfile.lock. Run 'pod install' or update your CocoaPods installation.\" >&2\n    exit 1\nfi\n# This output is used by Xcode 'outputs' to avoid re-running this script phase.\necho \"SUCCESS\" > \"${SCRIPT_OUTPUT_FILE_0}\"\n";
			showEnvVarsInLog = 0;
		};
/* End PBXShellScriptBuildPhase section */

/* Begin PBXSourcesBuildPhase section */
		681BC9CE23D58E1E00ACD5D7 /* Sources */ = {
			isa = PBXSourcesBuildPhase;
			buildActionMask = 2147483647;
			files = (
				681BC9D523D58E1E00ACD5D7 /* NotificationService.swift in Sources */,
			);
			runOnlyForDeploymentPostprocessing = 0;
		};
		68CFA83323D5752E009DABA7 /* Sources */ = {
			isa = PBXSourcesBuildPhase;
			buildActionMask = 2147483647;
			files = (
				68CFA83F23D5752E009DABA7 /* ViewController.swift in Sources */,
				68CFA83B23D5752E009DABA7 /* AppDelegate.swift in Sources */,
			);
			runOnlyForDeploymentPostprocessing = 0;
		};
		68CFA84923D57530009DABA7 /* Sources */ = {
			isa = PBXSourcesBuildPhase;
			buildActionMask = 2147483647;
			files = (
				68CFA85223D57531009DABA7 /* NotificationManagerTests.swift in Sources */,
			);
			runOnlyForDeploymentPostprocessing = 0;
		};
		68CFA85423D57531009DABA7 /* Sources */ = {
			isa = PBXSourcesBuildPhase;
			buildActionMask = 2147483647;
			files = (
				68CFA85D23D57531009DABA7 /* NotificationManagerUITests.swift in Sources */,
			);
			runOnlyForDeploymentPostprocessing = 0;
		};
/* End PBXSourcesBuildPhase section */

/* Begin PBXTargetDependency section */
		681BC9D823D58E1E00ACD5D7 /* PBXTargetDependency */ = {
			isa = PBXTargetDependency;
			target = 681BC9D123D58E1E00ACD5D7 /* NotificationService */;
			targetProxy = 681BC9D723D58E1E00ACD5D7 /* PBXContainerItemProxy */;
		};
		68CFA84F23D57530009DABA7 /* PBXTargetDependency */ = {
			isa = PBXTargetDependency;
			target = 68CFA83623D5752E009DABA7 /* NotificationManager */;
			targetProxy = 68CFA84E23D57530009DABA7 /* PBXContainerItemProxy */;
		};
		68CFA85A23D57531009DABA7 /* PBXTargetDependency */ = {
			isa = PBXTargetDependency;
			target = 68CFA83623D5752E009DABA7 /* NotificationManager */;
			targetProxy = 68CFA85923D57531009DABA7 /* PBXContainerItemProxy */;
		};
/* End PBXTargetDependency section */

/* Begin PBXVariantGroup section */
		68CFA84023D5752E009DABA7 /* Main.storyboard */ = {
			isa = PBXVariantGroup;
			children = (
				68CFA84123D5752E009DABA7 /* Base */,
			);
			name = Main.storyboard;
			sourceTree = "<group>";
		};
		68CFA84523D57530009DABA7 /* LaunchScreen.storyboard */ = {
			isa = PBXVariantGroup;
			children = (
				68CFA84623D57530009DABA7 /* Base */,
			);
			name = LaunchScreen.storyboard;
			sourceTree = "<group>";
		};
/* End PBXVariantGroup section */

/* Begin XCBuildConfiguration section */
		681BC9DB23D58E1E00ACD5D7 /* Debug */ = {
			isa = XCBuildConfiguration;
			buildSettings = {
				CODE_SIGN_ENTITLEMENTS = NotificationService/NotificationService.entitlements;
				CODE_SIGN_STYLE = Automatic;
				DEVELOPMENT_TEAM = 93QF44Z6JU;
				INFOPLIST_FILE = NotificationService/Info.plist;
				IPHONEOS_DEPLOYMENT_TARGET = 10.0;
				LD_RUNPATH_SEARCH_PATHS = (
					"$(inherited)",
					"@executable_path/Frameworks",
					"@executable_path/../../Frameworks",
				);
				PRODUCT_BUNDLE_IDENTIFIER = com.confusians.NotificationManager.NotificationService;
				PRODUCT_NAME = "$(TARGET_NAME)";
				SKIP_INSTALL = YES;
				SWIFT_VERSION = 5.0;
				TARGETED_DEVICE_FAMILY = "1,2";
			};
			name = Debug;
		};
		681BC9DC23D58E1E00ACD5D7 /* Release */ = {
			isa = XCBuildConfiguration;
			buildSettings = {
				CODE_SIGN_ENTITLEMENTS = NotificationService/NotificationService.entitlements;
				CODE_SIGN_STYLE = Automatic;
				DEVELOPMENT_TEAM = 93QF44Z6JU;
				INFOPLIST_FILE = NotificationService/Info.plist;
				IPHONEOS_DEPLOYMENT_TARGET = 10.0;
				LD_RUNPATH_SEARCH_PATHS = (
					"$(inherited)",
					"@executable_path/Frameworks",
					"@executable_path/../../Frameworks",
				);
				PRODUCT_BUNDLE_IDENTIFIER = com.confusians.NotificationManager.NotificationService;
				PRODUCT_NAME = "$(TARGET_NAME)";
				SKIP_INSTALL = YES;
				SWIFT_VERSION = 5.0;
				TARGETED_DEVICE_FAMILY = "1,2";
			};
			name = Release;
		};
		68CFA85F23D57531009DABA7 /* Debug */ = {
			isa = XCBuildConfiguration;
			buildSettings = {
				ALWAYS_SEARCH_USER_PATHS = NO;
				CLANG_ANALYZER_NONNULL = YES;
				CLANG_ANALYZER_NUMBER_OBJECT_CONVERSION = YES_AGGRESSIVE;
				CLANG_CXX_LANGUAGE_STANDARD = "gnu++14";
				CLANG_CXX_LIBRARY = "libc++";
				CLANG_ENABLE_MODULES = YES;
				CLANG_ENABLE_OBJC_ARC = YES;
				CLANG_ENABLE_OBJC_WEAK = YES;
				CLANG_WARN_BLOCK_CAPTURE_AUTORELEASING = YES;
				CLANG_WARN_BOOL_CONVERSION = YES;
				CLANG_WARN_COMMA = YES;
				CLANG_WARN_CONSTANT_CONVERSION = YES;
				CLANG_WARN_DEPRECATED_OBJC_IMPLEMENTATIONS = YES;
				CLANG_WARN_DIRECT_OBJC_ISA_USAGE = YES_ERROR;
				CLANG_WARN_DOCUMENTATION_COMMENTS = YES;
				CLANG_WARN_EMPTY_BODY = YES;
				CLANG_WARN_ENUM_CONVERSION = YES;
				CLANG_WARN_INFINITE_RECURSION = YES;
				CLANG_WARN_INT_CONVERSION = YES;
				CLANG_WARN_NON_LITERAL_NULL_CONVERSION = YES;
				CLANG_WARN_OBJC_IMPLICIT_RETAIN_SELF = YES;
				CLANG_WARN_OBJC_LITERAL_CONVERSION = YES;
				CLANG_WARN_OBJC_ROOT_CLASS = YES_ERROR;
				CLANG_WARN_RANGE_LOOP_ANALYSIS = YES;
				CLANG_WARN_STRICT_PROTOTYPES = YES;
				CLANG_WARN_SUSPICIOUS_MOVE = YES;
				CLANG_WARN_UNGUARDED_AVAILABILITY = YES_AGGRESSIVE;
				CLANG_WARN_UNREACHABLE_CODE = YES;
				CLANG_WARN__DUPLICATE_METHOD_MATCH = YES;
				COPY_PHASE_STRIP = NO;
				DEBUG_INFORMATION_FORMAT = dwarf;
				ENABLE_STRICT_OBJC_MSGSEND = YES;
				ENABLE_TESTABILITY = YES;
				GCC_C_LANGUAGE_STANDARD = gnu11;
				GCC_DYNAMIC_NO_PIC = NO;
				GCC_NO_COMMON_BLOCKS = YES;
				GCC_OPTIMIZATION_LEVEL = 0;
				GCC_PREPROCESSOR_DEFINITIONS = (
					"DEBUG=1",
					"$(inherited)",
				);
				GCC_WARN_64_TO_32_BIT_CONVERSION = YES;
				GCC_WARN_ABOUT_RETURN_TYPE = YES_ERROR;
				GCC_WARN_UNDECLARED_SELECTOR = YES;
				GCC_WARN_UNINITIALIZED_AUTOS = YES_AGGRESSIVE;
				GCC_WARN_UNUSED_FUNCTION = YES;
				GCC_WARN_UNUSED_VARIABLE = YES;
				IPHONEOS_DEPLOYMENT_TARGET = 13.0;
				MTL_ENABLE_DEBUG_INFO = INCLUDE_SOURCE;
				MTL_FAST_MATH = YES;
				ONLY_ACTIVE_ARCH = YES;
				SDKROOT = iphoneos;
				SWIFT_ACTIVE_COMPILATION_CONDITIONS = DEBUG;
				SWIFT_OPTIMIZATION_LEVEL = "-Onone";
			};
			name = Debug;
		};
		68CFA86023D57531009DABA7 /* Release */ = {
			isa = XCBuildConfiguration;
			buildSettings = {
				ALWAYS_SEARCH_USER_PATHS = NO;
				CLANG_ANALYZER_NONNULL = YES;
				CLANG_ANALYZER_NUMBER_OBJECT_CONVERSION = YES_AGGRESSIVE;
				CLANG_CXX_LANGUAGE_STANDARD = "gnu++14";
				CLANG_CXX_LIBRARY = "libc++";
				CLANG_ENABLE_MODULES = YES;
				CLANG_ENABLE_OBJC_ARC = YES;
				CLANG_ENABLE_OBJC_WEAK = YES;
				CLANG_WARN_BLOCK_CAPTURE_AUTORELEASING = YES;
				CLANG_WARN_BOOL_CONVERSION = YES;
				CLANG_WARN_COMMA = YES;
				CLANG_WARN_CONSTANT_CONVERSION = YES;
				CLANG_WARN_DEPRECATED_OBJC_IMPLEMENTATIONS = YES;
				CLANG_WARN_DIRECT_OBJC_ISA_USAGE = YES_ERROR;
				CLANG_WARN_DOCUMENTATION_COMMENTS = YES;
				CLANG_WARN_EMPTY_BODY = YES;
				CLANG_WARN_ENUM_CONVERSION = YES;
				CLANG_WARN_INFINITE_RECURSION = YES;
				CLANG_WARN_INT_CONVERSION = YES;
				CLANG_WARN_NON_LITERAL_NULL_CONVERSION = YES;
				CLANG_WARN_OBJC_IMPLICIT_RETAIN_SELF = YES;
				CLANG_WARN_OBJC_LITERAL_CONVERSION = YES;
				CLANG_WARN_OBJC_ROOT_CLASS = YES_ERROR;
				CLANG_WARN_RANGE_LOOP_ANALYSIS = YES;
				CLANG_WARN_STRICT_PROTOTYPES = YES;
				CLANG_WARN_SUSPICIOUS_MOVE = YES;
				CLANG_WARN_UNGUARDED_AVAILABILITY = YES_AGGRESSIVE;
				CLANG_WARN_UNREACHABLE_CODE = YES;
				CLANG_WARN__DUPLICATE_METHOD_MATCH = YES;
				COPY_PHASE_STRIP = NO;
				DEBUG_INFORMATION_FORMAT = "dwarf-with-dsym";
				ENABLE_NS_ASSERTIONS = NO;
				ENABLE_STRICT_OBJC_MSGSEND = YES;
				GCC_C_LANGUAGE_STANDARD = gnu11;
				GCC_NO_COMMON_BLOCKS = YES;
				GCC_WARN_64_TO_32_BIT_CONVERSION = YES;
				GCC_WARN_ABOUT_RETURN_TYPE = YES_ERROR;
				GCC_WARN_UNDECLARED_SELECTOR = YES;
				GCC_WARN_UNINITIALIZED_AUTOS = YES_AGGRESSIVE;
				GCC_WARN_UNUSED_FUNCTION = YES;
				GCC_WARN_UNUSED_VARIABLE = YES;
				IPHONEOS_DEPLOYMENT_TARGET = 13.0;
				MTL_ENABLE_DEBUG_INFO = NO;
				MTL_FAST_MATH = YES;
				SDKROOT = iphoneos;
				SWIFT_COMPILATION_MODE = wholemodule;
				SWIFT_OPTIMIZATION_LEVEL = "-O";
				VALIDATE_PRODUCT = YES;
			};
			name = Release;
		};
		68CFA86223D57531009DABA7 /* Debug */ = {
			isa = XCBuildConfiguration;
			baseConfigurationReference = 14C28551795189C07DC581DB /* Pods-NotificationManager.debug.xcconfig */;
			buildSettings = {
				ALWAYS_EMBED_SWIFT_STANDARD_LIBRARIES = YES;
				ASSETCATALOG_COMPILER_APPICON_NAME = AppIcon;
				CODE_SIGN_ENTITLEMENTS = NotificationManager/NotificationManager.entitlements;
				CODE_SIGN_STYLE = Automatic;
				DEVELOPMENT_TEAM = 93QF44Z6JU;
				INFOPLIST_FILE = NotificationManager/Info.plist;
				IPHONEOS_DEPLOYMENT_TARGET = 10.0;
				LD_RUNPATH_SEARCH_PATHS = (
					"$(inherited)",
					"@executable_path/Frameworks",
				);
				PRODUCT_BUNDLE_IDENTIFIER = com.confusians.NotificationManager;
				PRODUCT_NAME = "$(TARGET_NAME)";
				SWIFT_VERSION = 5.0;
				TARGETED_DEVICE_FAMILY = "1,2";
			};
			name = Debug;
		};
		68CFA86323D57531009DABA7 /* Release */ = {
			isa = XCBuildConfiguration;
			baseConfigurationReference = 4C407DB8F36EEA63F8F7901F /* Pods-NotificationManager.release.xcconfig */;
			buildSettings = {
				ALWAYS_EMBED_SWIFT_STANDARD_LIBRARIES = YES;
				ASSETCATALOG_COMPILER_APPICON_NAME = AppIcon;
				CODE_SIGN_ENTITLEMENTS = NotificationManager/NotificationManager.entitlements;
				CODE_SIGN_STYLE = Automatic;
				DEVELOPMENT_TEAM = 93QF44Z6JU;
				INFOPLIST_FILE = NotificationManager/Info.plist;
				IPHONEOS_DEPLOYMENT_TARGET = 10.0;
				LD_RUNPATH_SEARCH_PATHS = (
					"$(inherited)",
					"@executable_path/Frameworks",
				);
				PRODUCT_BUNDLE_IDENTIFIER = com.confusians.NotificationManager;
				PRODUCT_NAME = "$(TARGET_NAME)";
				SWIFT_VERSION = 5.0;
				TARGETED_DEVICE_FAMILY = "1,2";
			};
			name = Release;
		};
		68CFA86523D57531009DABA7 /* Debug */ = {
			isa = XCBuildConfiguration;
			baseConfigurationReference = D1B459B97176621CFB8C12F7 /* Pods-NotificationManagerTests.debug.xcconfig */;
			buildSettings = {
				ALWAYS_EMBED_SWIFT_STANDARD_LIBRARIES = YES;
				BUNDLE_LOADER = "$(TEST_HOST)";
				CODE_SIGN_STYLE = Automatic;
				INFOPLIST_FILE = NotificationManagerTests/Info.plist;
				IPHONEOS_DEPLOYMENT_TARGET = 13.0;
				LD_RUNPATH_SEARCH_PATHS = (
					"$(inherited)",
					"@executable_path/Frameworks",
					"@loader_path/Frameworks",
				);
				PRODUCT_BUNDLE_IDENTIFIER = com.confusians.NotificationManagerTests;
				PRODUCT_NAME = "$(TARGET_NAME)";
				SWIFT_VERSION = 5.0;
				TARGETED_DEVICE_FAMILY = "1,2";
				TEST_HOST = "$(BUILT_PRODUCTS_DIR)/NotificationManager.app/NotificationManager";
			};
			name = Debug;
		};
		68CFA86623D57531009DABA7 /* Release */ = {
			isa = XCBuildConfiguration;
			baseConfigurationReference = F6FF63E04E42AEA74DDDE2EE /* Pods-NotificationManagerTests.release.xcconfig */;
			buildSettings = {
				ALWAYS_EMBED_SWIFT_STANDARD_LIBRARIES = YES;
				BUNDLE_LOADER = "$(TEST_HOST)";
				CODE_SIGN_STYLE = Automatic;
				INFOPLIST_FILE = NotificationManagerTests/Info.plist;
				IPHONEOS_DEPLOYMENT_TARGET = 13.0;
				LD_RUNPATH_SEARCH_PATHS = (
					"$(inherited)",
					"@executable_path/Frameworks",
					"@loader_path/Frameworks",
				);
				PRODUCT_BUNDLE_IDENTIFIER = com.confusians.NotificationManagerTests;
				PRODUCT_NAME = "$(TARGET_NAME)";
				SWIFT_VERSION = 5.0;
				TARGETED_DEVICE_FAMILY = "1,2";
				TEST_HOST = "$(BUILT_PRODUCTS_DIR)/NotificationManager.app/NotificationManager";
			};
			name = Release;
		};
		68CFA86823D57531009DABA7 /* Debug */ = {
			isa = XCBuildConfiguration;
			baseConfigurationReference = F530B256A4366CA5DBFE1AEB /* Pods-NotificationManager-NotificationManagerUITests.debug.xcconfig */;
			buildSettings = {
				ALWAYS_EMBED_SWIFT_STANDARD_LIBRARIES = YES;
				CODE_SIGN_STYLE = Automatic;
				INFOPLIST_FILE = NotificationManagerUITests/Info.plist;
				LD_RUNPATH_SEARCH_PATHS = (
					"$(inherited)",
					"@executable_path/Frameworks",
					"@loader_path/Frameworks",
				);
				PRODUCT_BUNDLE_IDENTIFIER = com.confusians.NotificationManagerUITests;
				PRODUCT_NAME = "$(TARGET_NAME)";
				SWIFT_VERSION = 5.0;
				TARGETED_DEVICE_FAMILY = "1,2";
				TEST_TARGET_NAME = NotificationManager;
			};
			name = Debug;
		};
		68CFA86923D57531009DABA7 /* Release */ = {
			isa = XCBuildConfiguration;
			baseConfigurationReference = A8DA1F60C6FF8F353B95F490 /* Pods-NotificationManager-NotificationManagerUITests.release.xcconfig */;
			buildSettings = {
				ALWAYS_EMBED_SWIFT_STANDARD_LIBRARIES = YES;
				CODE_SIGN_STYLE = Automatic;
				INFOPLIST_FILE = NotificationManagerUITests/Info.plist;
				LD_RUNPATH_SEARCH_PATHS = (
					"$(inherited)",
					"@executable_path/Frameworks",
					"@loader_path/Frameworks",
				);
				PRODUCT_BUNDLE_IDENTIFIER = com.confusians.NotificationManagerUITests;
				PRODUCT_NAME = "$(TARGET_NAME)";
				SWIFT_VERSION = 5.0;
				TARGETED_DEVICE_FAMILY = "1,2";
				TEST_TARGET_NAME = NotificationManager;
			};
			name = Release;
		};
/* End XCBuildConfiguration section */

/* Begin XCConfigurationList section */
		681BC9DA23D58E1E00ACD5D7 /* Build configuration list for PBXNativeTarget "NotificationService" */ = {
			isa = XCConfigurationList;
			buildConfigurations = (
				681BC9DB23D58E1E00ACD5D7 /* Debug */,
				681BC9DC23D58E1E00ACD5D7 /* Release */,
			);
			defaultConfigurationIsVisible = 0;
			defaultConfigurationName = Release;
		};
		68CFA83223D5752E009DABA7 /* Build configuration list for PBXProject "NotificationManager" */ = {
			isa = XCConfigurationList;
			buildConfigurations = (
				68CFA85F23D57531009DABA7 /* Debug */,
				68CFA86023D57531009DABA7 /* Release */,
			);
			defaultConfigurationIsVisible = 0;
			defaultConfigurationName = Release;
		};
		68CFA86123D57531009DABA7 /* Build configuration list for PBXNativeTarget "NotificationManager" */ = {
			isa = XCConfigurationList;
			buildConfigurations = (
				68CFA86223D57531009DABA7 /* Debug */,
				68CFA86323D57531009DABA7 /* Release */,
			);
			defaultConfigurationIsVisible = 0;
			defaultConfigurationName = Release;
		};
		68CFA86423D57531009DABA7 /* Build configuration list for PBXNativeTarget "NotificationManagerTests" */ = {
			isa = XCConfigurationList;
			buildConfigurations = (
				68CFA86523D57531009DABA7 /* Debug */,
				68CFA86623D57531009DABA7 /* Release */,
			);
			defaultConfigurationIsVisible = 0;
			defaultConfigurationName = Release;
		};
		68CFA86723D57531009DABA7 /* Build configuration list for PBXNativeTarget "NotificationManagerUITests" */ = {
			isa = XCConfigurationList;
			buildConfigurations = (
				68CFA86823D57531009DABA7 /* Debug */,
				68CFA86923D57531009DABA7 /* Release */,
			);
			defaultConfigurationIsVisible = 0;
			defaultConfigurationName = Release;
		};
/* End XCConfigurationList section */
	};
	rootObject = 68CFA82F23D5752E009DABA7 /* Project object */;
}
